// !$*UTF8*$!
{
	archiveVersion = 1;
	classes = {
	};
	objectVersion = 46;
	objects = {

/* Begin PBXBuildFile section */
		42070E091D7470A100B02BA2 /* DescriptionCell.swift in Sources */ = {isa = PBXBuildFile; fileRef = 42070E081D7470A100B02BA2 /* DescriptionCell.swift */; };
		420FD5761D6F255A00E5DD89 /* PetListingDetailVC.swift in Sources */ = {isa = PBXBuildFile; fileRef = 420FD5751D6F255A00E5DD89 /* PetListingDetailVC.swift */; };
		428A90A91D8441D5006B4259 /* HomeLandscapeCollectionViewLayout.swift in Sources */ = {isa = PBXBuildFile; fileRef = 428A90A81D8441D5006B4259 /* HomeLandscapeCollectionViewLayout.swift */; };
		42ACC1AD1D68A8A3001C7C83 /* ReusableView.swift in Sources */ = {isa = PBXBuildFile; fileRef = 42ACC1AC1D68A8A3001C7C83 /* ReusableView.swift */; };
		42BC91261D67C7DA00B3B8FD /* PetCell.swift in Sources */ = {isa = PBXBuildFile; fileRef = 42BC91251D67C7DA00B3B8FD /* PetCell.swift */; };
		42C2522A1C8881DE00B2BE6D /* BackgroundView.swift in Sources */ = {isa = PBXBuildFile; fileRef = 42C252291C8881DE00B2BE6D /* BackgroundView.swift */; };
		42C2522C1C8899BD00B2BE6D /* TransparentNavBar.swift in Sources */ = {isa = PBXBuildFile; fileRef = 42C2522B1C8899BD00B2BE6D /* TransparentNavBar.swift */; };
		90ADBC339006BDDE435B71C4 /* Pods_PetAdoption_iOS.framework in Frameworks */ = {isa = PBXBuildFile; fileRef = 5FCC61B47493AD9AFC8BA810 /* Pods_PetAdoption_iOS.framework */; };
		97C5226AC9AFB7547023F371 /* Pods_PetAdoptionTransportKit.framework in Frameworks */ = {isa = PBXBuildFile; fileRef = CBB921F8A0328C363307C66E /* Pods_PetAdoptionTransportKit.framework */; };
		D013BFA51C716B7E007C8808 /* ImageGalleryView.xib in Resources */ = {isa = PBXBuildFile; fileRef = D013BFA41C716B7E007C8808 /* ImageGalleryView.xib */; };
		D013BFA71C717935007C8808 /* ImageGalleryView.swift in Sources */ = {isa = PBXBuildFile; fileRef = D013BFA61C717935007C8808 /* ImageGalleryView.swift */; };
		D040884B1C94B6CC00A53389 /* UIColor+Theme.swift in Sources */ = {isa = PBXBuildFile; fileRef = D040884A1C94B6CC00A53389 /* UIColor+Theme.swift */; };
		D04088511C94BE8600A53389 /* UIFont+Theme.swift in Sources */ = {isa = PBXBuildFile; fileRef = D04088501C94BE8600A53389 /* UIFont+Theme.swift */; };
		D040885C1C94BEE000A53389 /* OpenSans-Bold.ttf in Resources */ = {isa = PBXBuildFile; fileRef = D04088521C94BEE000A53389 /* OpenSans-Bold.ttf */; };
		D040885D1C94BEE000A53389 /* OpenSans-BoldItalic.ttf in Resources */ = {isa = PBXBuildFile; fileRef = D04088531C94BEE000A53389 /* OpenSans-BoldItalic.ttf */; };
		D040885E1C94BEE000A53389 /* OpenSans-ExtraBold.ttf in Resources */ = {isa = PBXBuildFile; fileRef = D04088541C94BEE000A53389 /* OpenSans-ExtraBold.ttf */; };
		D040885F1C94BEE000A53389 /* OpenSans-ExtraBoldItalic.ttf in Resources */ = {isa = PBXBuildFile; fileRef = D04088551C94BEE000A53389 /* OpenSans-ExtraBoldItalic.ttf */; };
		D04088601C94BEE000A53389 /* OpenSans-Italic.ttf in Resources */ = {isa = PBXBuildFile; fileRef = D04088561C94BEE000A53389 /* OpenSans-Italic.ttf */; };
		D04088611C94BEE000A53389 /* OpenSans-Light.ttf in Resources */ = {isa = PBXBuildFile; fileRef = D04088571C94BEE000A53389 /* OpenSans-Light.ttf */; };
		D04088621C94BEE000A53389 /* OpenSans-LightItalic.ttf in Resources */ = {isa = PBXBuildFile; fileRef = D04088581C94BEE000A53389 /* OpenSans-LightItalic.ttf */; };
		D04088631C94BEE000A53389 /* OpenSans-Regular.ttf in Resources */ = {isa = PBXBuildFile; fileRef = D04088591C94BEE000A53389 /* OpenSans-Regular.ttf */; };
		D04088641C94BEE000A53389 /* OpenSans-Semibold.ttf in Resources */ = {isa = PBXBuildFile; fileRef = D040885A1C94BEE000A53389 /* OpenSans-Semibold.ttf */; };
		D04088651C94BEE000A53389 /* OpenSans-SemiboldItalic.ttf in Resources */ = {isa = PBXBuildFile; fileRef = D040885B1C94BEE000A53389 /* OpenSans-SemiboldItalic.ttf */; };
		D0950AC81C618C2F002E198C /* AppDelegate.swift in Sources */ = {isa = PBXBuildFile; fileRef = D0950AC71C618C2F002E198C /* AppDelegate.swift */; };
		D0950ACD1C618C2F002E198C /* Main.storyboard in Resources */ = {isa = PBXBuildFile; fileRef = D0950ACB1C618C2F002E198C /* Main.storyboard */; };
		D0950ACF1C618C2F002E198C /* Assets.xcassets in Resources */ = {isa = PBXBuildFile; fileRef = D0950ACE1C618C2F002E198C /* Assets.xcassets */; };
		D0950AD21C618C2F002E198C /* LaunchScreen.storyboard in Resources */ = {isa = PBXBuildFile; fileRef = D0950AD01C618C2F002E198C /* LaunchScreen.storyboard */; };
		D0950ADD1C618C2F002E198C /* PetAdoption_iOSTests.swift in Sources */ = {isa = PBXBuildFile; fileRef = D0950ADC1C618C2F002E198C /* PetAdoption_iOSTests.swift */; };
		D0950AE81C618C2F002E198C /* PetAdoption_iOSUITests.swift in Sources */ = {isa = PBXBuildFile; fileRef = D0950AE71C618C2F002E198C /* PetAdoption_iOSUITests.swift */; };
		D0950AF61C618CE4002E198C /* Podfile in Resources */ = {isa = PBXBuildFile; fileRef = D0950AF51C618CE4002E198C /* Podfile */; };
		D0950AFB1C619146002E198C /* PetListingViewController.swift in Sources */ = {isa = PBXBuildFile; fileRef = D0950AFA1C619146002E198C /* PetListingViewController.swift */; };
		D0950AFF1C619162002E198C /* LostPetViewController.swift in Sources */ = {isa = PBXBuildFile; fileRef = D0950AFE1C619162002E198C /* LostPetViewController.swift */; };
		D0950B011C619172002E198C /* InfoViewController.swift in Sources */ = {isa = PBXBuildFile; fileRef = D0950B001C619172002E198C /* InfoViewController.swift */; };
		D0950B0D1C6198C2002E198C /* HomePortraitCollectionViewLayout.swift in Sources */ = {isa = PBXBuildFile; fileRef = D0950B0C1C6198C2002E198C /* HomePortraitCollectionViewLayout.swift */; };
		D0E536791C70405D004794D8 /* SearchViewController.swift in Sources */ = {isa = PBXBuildFile; fileRef = D0E536781C70405D004794D8 /* SearchViewController.swift */; };
		D4F2A7321D6A081F00E92647 /* PetAdoptionTransportKit.h in Headers */ = {isa = PBXBuildFile; fileRef = D4F2A7311D6A081F00E92647 /* PetAdoptionTransportKit.h */; settings = {ATTRIBUTES = (Public, ); }; };
		D4F2A7391D6A081F00E92647 /* PetAdoptionTransportKit.framework in Frameworks */ = {isa = PBXBuildFile; fileRef = D4F2A72F1D6A081F00E92647 /* PetAdoptionTransportKit.framework */; };
		D4F2A7401D6A081F00E92647 /* PetAdoptionTransportKitTests.swift in Sources */ = {isa = PBXBuildFile; fileRef = D4F2A73F1D6A081F00E92647 /* PetAdoptionTransportKitTests.swift */; };
		D4F2A7441D6A081F00E92647 /* PetAdoptionTransportKit.framework in Frameworks */ = {isa = PBXBuildFile; fileRef = D4F2A72F1D6A081F00E92647 /* PetAdoptionTransportKit.framework */; };
		D4F2A7451D6A081F00E92647 /* PetAdoptionTransportKit.framework in Embed Frameworks */ = {isa = PBXBuildFile; fileRef = D4F2A72F1D6A081F00E92647 /* PetAdoptionTransportKit.framework */; settings = {ATTRIBUTES = (CodeSignOnCopy, RemoveHeadersOnCopy, ); }; };
		D4F2A7531D6A1E3C00E92647 /* PTKAgeRange.swift in Sources */ = {isa = PBXBuildFile; fileRef = D4F2A7521D6A1E3C00E92647 /* PTKAgeRange.swift */; };
		D4F2A7551D6A1E6000E92647 /* PTKHouseTrained.swift in Sources */ = {isa = PBXBuildFile; fileRef = D4F2A7541D6A1E6000E92647 /* PTKHouseTrained.swift */; };
		D4F2A7571D6A1E9200E92647 /* PTKHeartwormTestStatus.swift in Sources */ = {isa = PBXBuildFile; fileRef = D4F2A7561D6A1E9200E92647 /* PTKHeartwormTestStatus.swift */; };
		D4F2A7591D6A1EAB00E92647 /* PTKMedicalShotStatus.swift in Sources */ = {isa = PBXBuildFile; fileRef = D4F2A7581D6A1EAB00E92647 /* PTKMedicalShotStatus.swift */; };
		D4F2A75B1D6A1EC500E92647 /* PTKMicrochipStatus.swift in Sources */ = {isa = PBXBuildFile; fileRef = D4F2A75A1D6A1EC500E92647 /* PTKMicrochipStatus.swift */; };
		D4F2A75D1D6A1EDC00E92647 /* PTKCrateTrained.swift in Sources */ = {isa = PBXBuildFile; fileRef = D4F2A75C1D6A1EDC00E92647 /* PTKCrateTrained.swift */; };
		D4F2A75F1D6A1EF100E92647 /* PTKGender.swift in Sources */ = {isa = PBXBuildFile; fileRef = D4F2A75E1D6A1EF100E92647 /* PTKGender.swift */; };
		D4F2A7611D6A1F3B00E92647 /* PTKCreateTrainedStatus.swift in Sources */ = {isa = PBXBuildFile; fileRef = D4F2A7601D6A1F3B00E92647 /* PTKCreateTrainedStatus.swift */; };
		D4F2A7641D6A1FEF00E92647 /* Behavior.swift in Sources */ = {isa = PBXBuildFile; fileRef = D4F2A7631D6A1FEF00E92647 /* Behavior.swift */; };
		D4F2A7661D6A200300E92647 /* Medical.swift in Sources */ = {isa = PBXBuildFile; fileRef = D4F2A7651D6A200300E92647 /* Medical.swift */; };
		D4F2A7681D6A203E00E92647 /* SpecieType.swift in Sources */ = {isa = PBXBuildFile; fileRef = D4F2A7671D6A203E00E92647 /* SpecieType.swift */; };
		D4F2A76B1D6A20B800E92647 /* PTKSpecieType.swift in Sources */ = {isa = PBXBuildFile; fileRef = D4F2A76A1D6A20B800E92647 /* PTKSpecieType.swift */; };
		D4F2A76D1D6A20D200E92647 /* PTKPet.swift in Sources */ = {isa = PBXBuildFile; fileRef = D4F2A76C1D6A20D200E92647 /* PTKPet.swift */; };
		D4F2A7701D6A21B800E92647 /* PTKActivityLevel.swift in Sources */ = {isa = PBXBuildFile; fileRef = D4F2A76F1D6A21B800E92647 /* PTKActivityLevel.swift */; };
		D4F2A7721D6A22EA00E92647 /* PTKDeclawed.swift in Sources */ = {isa = PBXBuildFile; fileRef = D4F2A7711D6A22EA00E92647 /* PTKDeclawed.swift */; };
		D4F2A7761D6A2C3700E92647 /* Location.swift in Sources */ = {isa = PBXBuildFile; fileRef = D4F2A7751D6A2C3700E92647 /* Location.swift */; };
		D4F2A7781D6A2CA500E92647 /* MapKit.framework in Frameworks */ = {isa = PBXBuildFile; fileRef = D4F2A7771D6A2CA500E92647 /* MapKit.framework */; };
		D4F2A77A1D6A2CC000E92647 /* PTKPetShelter.swift in Sources */ = {isa = PBXBuildFile; fileRef = D4F2A7791D6A2CC000E92647 /* PTKPetShelter.swift */; };
		D4F2A7841D6A4D6100E92647 /* PTKMicrochip.swift in Sources */ = {isa = PBXBuildFile; fileRef = D4F2A7831D6A4D6100E92647 /* PTKMicrochip.swift */; };
		D4F2A7861D6A811600E92647 /* DateExtension.swift in Sources */ = {isa = PBXBuildFile; fileRef = D4F2A7851D6A811600E92647 /* DateExtension.swift */; };
		D4F2A7891D6A95E200E92647 /* PTKRequestManager.swift in Sources */ = {isa = PBXBuildFile; fileRef = D4F2A7881D6A95E200E92647 /* PTKRequestManager.swift */; };
		D769DE3A1C62E9AE008C0BF8 /* Info.storyboard in Resources */ = {isa = PBXBuildFile; fileRef = D769DE391C62E9AE008C0BF8 /* Info.storyboard */; };
		D769DE3C1C62EA82008C0BF8 /* LostPet.storyboard in Resources */ = {isa = PBXBuildFile; fileRef = D769DE3B1C62EA82008C0BF8 /* LostPet.storyboard */; };
		D769DE3E1C62EB6A008C0BF8 /* Search.storyboard in Resources */ = {isa = PBXBuildFile; fileRef = D769DE3D1C62EB6A008C0BF8 /* Search.storyboard */; };
		D769DE401C62EDB1008C0BF8 /* PetListings.storyboard in Resources */ = {isa = PBXBuildFile; fileRef = D769DE3F1C62EDB1008C0BF8 /* PetListings.storyboard */; };
/* End PBXBuildFile section */

/* Begin PBXContainerItemProxy section */
		D0950AD91C618C2F002E198C /* PBXContainerItemProxy */ = {
			isa = PBXContainerItemProxy;
			containerPortal = D0950ABC1C618C2F002E198C /* Project object */;
			proxyType = 1;
			remoteGlobalIDString = D0950AC31C618C2F002E198C;
			remoteInfo = "PetAdoption-iOS";
		};
		D0950AE41C618C2F002E198C /* PBXContainerItemProxy */ = {
			isa = PBXContainerItemProxy;
			containerPortal = D0950ABC1C618C2F002E198C /* Project object */;
			proxyType = 1;
			remoteGlobalIDString = D0950AC31C618C2F002E198C;
			remoteInfo = "PetAdoption-iOS";
		};
		D4F2A73A1D6A081F00E92647 /* PBXContainerItemProxy */ = {
			isa = PBXContainerItemProxy;
			containerPortal = D0950ABC1C618C2F002E198C /* Project object */;
			proxyType = 1;
			remoteGlobalIDString = D4F2A72E1D6A081F00E92647;
			remoteInfo = PetAdoptionTransportKit;
		};
		D4F2A73C1D6A081F00E92647 /* PBXContainerItemProxy */ = {
			isa = PBXContainerItemProxy;
			containerPortal = D0950ABC1C618C2F002E198C /* Project object */;
			proxyType = 1;
			remoteGlobalIDString = D0950AC31C618C2F002E198C;
			remoteInfo = "PetAdoption-iOS";
		};
		D4F2A7421D6A081F00E92647 /* PBXContainerItemProxy */ = {
			isa = PBXContainerItemProxy;
			containerPortal = D0950ABC1C618C2F002E198C /* Project object */;
			proxyType = 1;
			remoteGlobalIDString = D4F2A72E1D6A081F00E92647;
			remoteInfo = PetAdoptionTransportKit;
		};
/* End PBXContainerItemProxy section */

/* Begin PBXCopyFilesBuildPhase section */
		D4F2A74B1D6A081F00E92647 /* Embed Frameworks */ = {
			isa = PBXCopyFilesBuildPhase;
			buildActionMask = 2147483647;
			dstPath = "";
			dstSubfolderSpec = 10;
			files = (
				D4F2A7451D6A081F00E92647 /* PetAdoptionTransportKit.framework in Embed Frameworks */,
			);
			name = "Embed Frameworks";
			runOnlyForDeploymentPostprocessing = 0;
		};
/* End PBXCopyFilesBuildPhase section */

/* Begin PBXFileReference section */
		4200BBCC1D6BCFD1003C00A7 /* AlamofireImage.framework */ = {isa = PBXFileReference; lastKnownFileType = wrapper.framework; name = AlamofireImage.framework; path = "Pods/../build/Debug-iphoneos/AlamofireImage.framework"; sourceTree = "<group>"; };
		42070E081D7470A100B02BA2 /* DescriptionCell.swift */ = {isa = PBXFileReference; fileEncoding = 4; lastKnownFileType = sourcecode.swift; name = DescriptionCell.swift; path = Views/DescriptionCell.swift; sourceTree = "<group>"; };
		420FD5751D6F255A00E5DD89 /* PetListingDetailVC.swift */ = {isa = PBXFileReference; fileEncoding = 4; lastKnownFileType = sourcecode.swift; name = PetListingDetailVC.swift; path = Controllers/PetListingDetailVC.swift; sourceTree = "<group>"; };
		4226D9D11D8439C100B0DAA7 /* Alamofire.framework */ = {isa = PBXFileReference; lastKnownFileType = wrapper.framework; name = Alamofire.framework; path = "../../../../../Library/Developer/Xcode/DerivedData/PetAdoption-iOS-dlpwrkpryvmpaicjeebwlxojsljc/Build/Products/Debug-iphoneos/Alamofire/Alamofire.framework"; sourceTree = "<group>"; };
		428A90A81D8441D5006B4259 /* HomeLandscapeCollectionViewLayout.swift */ = {isa = PBXFileReference; fileEncoding = 4; lastKnownFileType = sourcecode.swift; name = HomeLandscapeCollectionViewLayout.swift; path = Views/HomeLandscapeCollectionViewLayout.swift; sourceTree = "<group>"; };
		42ACC1AC1D68A8A3001C7C83 /* ReusableView.swift */ = {isa = PBXFileReference; fileEncoding = 4; lastKnownFileType = sourcecode.swift; name = ReusableView.swift; path = Protocols/ReusableView.swift; sourceTree = "<group>"; };
		42BC91251D67C7DA00B3B8FD /* PetCell.swift */ = {isa = PBXFileReference; fileEncoding = 4; lastKnownFileType = sourcecode.swift; name = PetCell.swift; path = Views/PetCell.swift; sourceTree = "<group>"; };
		42C252291C8881DE00B2BE6D /* BackgroundView.swift */ = {isa = PBXFileReference; fileEncoding = 4; lastKnownFileType = sourcecode.swift; name = BackgroundView.swift; path = Views/BackgroundView.swift; sourceTree = "<group>"; };
		42C2522B1C8899BD00B2BE6D /* TransparentNavBar.swift */ = {isa = PBXFileReference; fileEncoding = 4; lastKnownFileType = sourcecode.swift; name = TransparentNavBar.swift; path = Views/TransparentNavBar.swift; sourceTree = "<group>"; };
		5FCC61B47493AD9AFC8BA810 /* Pods_PetAdoption_iOS.framework */ = {isa = PBXFileReference; explicitFileType = wrapper.framework; includeInIndex = 0; path = Pods_PetAdoption_iOS.framework; sourceTree = BUILT_PRODUCTS_DIR; };
		8AAD5FEFC48F2F2A23F42E1D /* Pods-PetAdoption-iOS.debug.xcconfig */ = {isa = PBXFileReference; includeInIndex = 1; lastKnownFileType = text.xcconfig; name = "Pods-PetAdoption-iOS.debug.xcconfig"; path = "Pods/Target Support Files/Pods-PetAdoption-iOS/Pods-PetAdoption-iOS.debug.xcconfig"; sourceTree = "<group>"; };
		925933A48637FAFF5BE6240D /* Pods.framework */ = {isa = PBXFileReference; explicitFileType = wrapper.framework; includeInIndex = 0; path = Pods.framework; sourceTree = BUILT_PRODUCTS_DIR; };
		AB77A283D0B7D820C44F8CAD /* Pods-PetAdoption-iOS.release.xcconfig */ = {isa = PBXFileReference; includeInIndex = 1; lastKnownFileType = text.xcconfig; name = "Pods-PetAdoption-iOS.release.xcconfig"; path = "Pods/Target Support Files/Pods-PetAdoption-iOS/Pods-PetAdoption-iOS.release.xcconfig"; sourceTree = "<group>"; };
		CBB921F8A0328C363307C66E /* Pods_PetAdoptionTransportKit.framework */ = {isa = PBXFileReference; explicitFileType = wrapper.framework; includeInIndex = 0; path = Pods_PetAdoptionTransportKit.framework; sourceTree = BUILT_PRODUCTS_DIR; };
		D013BFA41C716B7E007C8808 /* ImageGalleryView.xib */ = {isa = PBXFileReference; fileEncoding = 4; lastKnownFileType = file.xib; name = ImageGalleryView.xib; path = Nibs/ImageGalleryView.xib; sourceTree = "<group>"; };
		D013BFA61C717935007C8808 /* ImageGalleryView.swift */ = {isa = PBXFileReference; fileEncoding = 4; lastKnownFileType = sourcecode.swift; name = ImageGalleryView.swift; path = Nibs/ImageGalleryView.swift; sourceTree = "<group>"; };
		D040884A1C94B6CC00A53389 /* UIColor+Theme.swift */ = {isa = PBXFileReference; fileEncoding = 4; lastKnownFileType = sourcecode.swift; name = "UIColor+Theme.swift"; path = "Extensions/UIColor+Theme.swift"; sourceTree = "<group>"; };
		D04088501C94BE8600A53389 /* UIFont+Theme.swift */ = {isa = PBXFileReference; fileEncoding = 4; lastKnownFileType = sourcecode.swift; name = "UIFont+Theme.swift"; path = "Extensions/UIFont+Theme.swift"; sourceTree = "<group>"; };
		D04088521C94BEE000A53389 /* OpenSans-Bold.ttf */ = {isa = PBXFileReference; lastKnownFileType = file; name = "OpenSans-Bold.ttf"; path = "Resources/Fonts/OpenSans-Bold.ttf"; sourceTree = "<group>"; };
		D04088531C94BEE000A53389 /* OpenSans-BoldItalic.ttf */ = {isa = PBXFileReference; lastKnownFileType = file; name = "OpenSans-BoldItalic.ttf"; path = "Resources/Fonts/OpenSans-BoldItalic.ttf"; sourceTree = "<group>"; };
		D04088541C94BEE000A53389 /* OpenSans-ExtraBold.ttf */ = {isa = PBXFileReference; lastKnownFileType = file; name = "OpenSans-ExtraBold.ttf"; path = "Resources/Fonts/OpenSans-ExtraBold.ttf"; sourceTree = "<group>"; };
		D04088551C94BEE000A53389 /* OpenSans-ExtraBoldItalic.ttf */ = {isa = PBXFileReference; lastKnownFileType = file; name = "OpenSans-ExtraBoldItalic.ttf"; path = "Resources/Fonts/OpenSans-ExtraBoldItalic.ttf"; sourceTree = "<group>"; };
		D04088561C94BEE000A53389 /* OpenSans-Italic.ttf */ = {isa = PBXFileReference; lastKnownFileType = file; name = "OpenSans-Italic.ttf"; path = "Resources/Fonts/OpenSans-Italic.ttf"; sourceTree = "<group>"; };
		D04088571C94BEE000A53389 /* OpenSans-Light.ttf */ = {isa = PBXFileReference; lastKnownFileType = file; name = "OpenSans-Light.ttf"; path = "Resources/Fonts/OpenSans-Light.ttf"; sourceTree = "<group>"; };
		D04088581C94BEE000A53389 /* OpenSans-LightItalic.ttf */ = {isa = PBXFileReference; lastKnownFileType = file; name = "OpenSans-LightItalic.ttf"; path = "Resources/Fonts/OpenSans-LightItalic.ttf"; sourceTree = "<group>"; };
		D04088591C94BEE000A53389 /* OpenSans-Regular.ttf */ = {isa = PBXFileReference; lastKnownFileType = file; name = "OpenSans-Regular.ttf"; path = "Resources/Fonts/OpenSans-Regular.ttf"; sourceTree = "<group>"; };
		D040885A1C94BEE000A53389 /* OpenSans-Semibold.ttf */ = {isa = PBXFileReference; lastKnownFileType = file; name = "OpenSans-Semibold.ttf"; path = "Resources/Fonts/OpenSans-Semibold.ttf"; sourceTree = "<group>"; };
		D040885B1C94BEE000A53389 /* OpenSans-SemiboldItalic.ttf */ = {isa = PBXFileReference; lastKnownFileType = file; name = "OpenSans-SemiboldItalic.ttf"; path = "Resources/Fonts/OpenSans-SemiboldItalic.ttf"; sourceTree = "<group>"; };
		D0950AC41C618C2F002E198C /* PetAdoption-iOS.app */ = {isa = PBXFileReference; explicitFileType = wrapper.application; includeInIndex = 0; path = "PetAdoption-iOS.app"; sourceTree = BUILT_PRODUCTS_DIR; };
		D0950AC71C618C2F002E198C /* AppDelegate.swift */ = {isa = PBXFileReference; lastKnownFileType = sourcecode.swift; path = AppDelegate.swift; sourceTree = "<group>"; };
		D0950ACC1C618C2F002E198C /* Base */ = {isa = PBXFileReference; lastKnownFileType = file.storyboard; name = Base; path = Base.lproj/Main.storyboard; sourceTree = "<group>"; };
		D0950ACE1C618C2F002E198C /* Assets.xcassets */ = {isa = PBXFileReference; lastKnownFileType = folder.assetcatalog; path = Assets.xcassets; sourceTree = "<group>"; };
		D0950AD11C618C2F002E198C /* Base */ = {isa = PBXFileReference; lastKnownFileType = file.storyboard; name = Base; path = Base.lproj/LaunchScreen.storyboard; sourceTree = "<group>"; };
		D0950AD31C618C2F002E198C /* Info.plist */ = {isa = PBXFileReference; lastKnownFileType = text.plist.xml; path = Info.plist; sourceTree = "<group>"; };
		D0950AD81C618C2F002E198C /* PetAdoption-iOSTests.xctest */ = {isa = PBXFileReference; explicitFileType = wrapper.cfbundle; includeInIndex = 0; path = "PetAdoption-iOSTests.xctest"; sourceTree = BUILT_PRODUCTS_DIR; };
		D0950ADC1C618C2F002E198C /* PetAdoption_iOSTests.swift */ = {isa = PBXFileReference; lastKnownFileType = sourcecode.swift; path = PetAdoption_iOSTests.swift; sourceTree = "<group>"; };
		D0950ADE1C618C2F002E198C /* Info.plist */ = {isa = PBXFileReference; lastKnownFileType = text.plist.xml; path = Info.plist; sourceTree = "<group>"; };
		D0950AE31C618C2F002E198C /* PetAdoption-iOSUITests.xctest */ = {isa = PBXFileReference; explicitFileType = wrapper.cfbundle; includeInIndex = 0; path = "PetAdoption-iOSUITests.xctest"; sourceTree = BUILT_PRODUCTS_DIR; };
		D0950AE71C618C2F002E198C /* PetAdoption_iOSUITests.swift */ = {isa = PBXFileReference; lastKnownFileType = sourcecode.swift; path = PetAdoption_iOSUITests.swift; sourceTree = "<group>"; };
		D0950AE91C618C2F002E198C /* Info.plist */ = {isa = PBXFileReference; lastKnownFileType = text.plist.xml; path = Info.plist; sourceTree = "<group>"; };
		D0950AF51C618CE4002E198C /* Podfile */ = {isa = PBXFileReference; fileEncoding = 4; lastKnownFileType = text; path = Podfile; sourceTree = "<group>"; xcLanguageSpecificationIdentifier = xcode.lang.ruby; };
		D0950AFA1C619146002E198C /* PetListingViewController.swift */ = {isa = PBXFileReference; fileEncoding = 4; lastKnownFileType = sourcecode.swift; name = PetListingViewController.swift; path = Controllers/PetListingViewController.swift; sourceTree = "<group>"; };
		D0950AFE1C619162002E198C /* LostPetViewController.swift */ = {isa = PBXFileReference; fileEncoding = 4; lastKnownFileType = sourcecode.swift; name = LostPetViewController.swift; path = Controllers/LostPetViewController.swift; sourceTree = "<group>"; };
		D0950B001C619172002E198C /* InfoViewController.swift */ = {isa = PBXFileReference; fileEncoding = 4; lastKnownFileType = sourcecode.swift; name = InfoViewController.swift; path = Controllers/InfoViewController.swift; sourceTree = "<group>"; };
		D0950B0C1C6198C2002E198C /* HomePortraitCollectionViewLayout.swift */ = {isa = PBXFileReference; fileEncoding = 4; lastKnownFileType = sourcecode.swift; name = HomePortraitCollectionViewLayout.swift; path = Views/HomePortraitCollectionViewLayout.swift; sourceTree = "<group>"; };
		D0E536781C70405D004794D8 /* SearchViewController.swift */ = {isa = PBXFileReference; fileEncoding = 4; lastKnownFileType = sourcecode.swift; name = SearchViewController.swift; path = Controllers/SearchViewController.swift; sourceTree = "<group>"; };
		D4F2A72F1D6A081F00E92647 /* PetAdoptionTransportKit.framework */ = {isa = PBXFileReference; explicitFileType = wrapper.framework; includeInIndex = 0; path = PetAdoptionTransportKit.framework; sourceTree = BUILT_PRODUCTS_DIR; };
		D4F2A7311D6A081F00E92647 /* PetAdoptionTransportKit.h */ = {isa = PBXFileReference; lastKnownFileType = sourcecode.c.h; path = PetAdoptionTransportKit.h; sourceTree = "<group>"; };
		D4F2A7331D6A081F00E92647 /* Info.plist */ = {isa = PBXFileReference; lastKnownFileType = text.plist.xml; path = Info.plist; sourceTree = "<group>"; };
		D4F2A7381D6A081F00E92647 /* PetAdoptionTransportKitTests.xctest */ = {isa = PBXFileReference; explicitFileType = wrapper.cfbundle; includeInIndex = 0; path = PetAdoptionTransportKitTests.xctest; sourceTree = BUILT_PRODUCTS_DIR; };
		D4F2A73F1D6A081F00E92647 /* PetAdoptionTransportKitTests.swift */ = {isa = PBXFileReference; lastKnownFileType = sourcecode.swift; path = PetAdoptionTransportKitTests.swift; sourceTree = "<group>"; };
		D4F2A7411D6A081F00E92647 /* Info.plist */ = {isa = PBXFileReference; lastKnownFileType = text.plist.xml; path = Info.plist; sourceTree = "<group>"; };
		D4F2A7501D6A0D6800E92647 /* Alamofire.framework */ = {isa = PBXFileReference; lastKnownFileType = wrapper.framework; name = Alamofire.framework; path = "../../../../Library/Developer/Xcode/DerivedData/PetAdoption-iOS-etpahjapkfgmvghajmjlabyjaprb/Build/Products/Debug-iphonesimulator/Alamofire.framework"; sourceTree = "<group>"; };
		D4F2A7521D6A1E3C00E92647 /* PTKAgeRange.swift */ = {isa = PBXFileReference; fileEncoding = 4; lastKnownFileType = sourcecode.swift; path = PTKAgeRange.swift; sourceTree = "<group>"; };
		D4F2A7541D6A1E6000E92647 /* PTKHouseTrained.swift */ = {isa = PBXFileReference; fileEncoding = 4; lastKnownFileType = sourcecode.swift; path = PTKHouseTrained.swift; sourceTree = "<group>"; };
		D4F2A7561D6A1E9200E92647 /* PTKHeartwormTestStatus.swift */ = {isa = PBXFileReference; fileEncoding = 4; lastKnownFileType = sourcecode.swift; path = PTKHeartwormTestStatus.swift; sourceTree = "<group>"; };
		D4F2A7581D6A1EAB00E92647 /* PTKMedicalShotStatus.swift */ = {isa = PBXFileReference; fileEncoding = 4; lastKnownFileType = sourcecode.swift; path = PTKMedicalShotStatus.swift; sourceTree = "<group>"; };
		D4F2A75A1D6A1EC500E92647 /* PTKMicrochipStatus.swift */ = {isa = PBXFileReference; fileEncoding = 4; lastKnownFileType = sourcecode.swift; path = PTKMicrochipStatus.swift; sourceTree = "<group>"; };
		D4F2A75C1D6A1EDC00E92647 /* PTKCrateTrained.swift */ = {isa = PBXFileReference; fileEncoding = 4; lastKnownFileType = sourcecode.swift; path = PTKCrateTrained.swift; sourceTree = "<group>"; };
		D4F2A75E1D6A1EF100E92647 /* PTKGender.swift */ = {isa = PBXFileReference; fileEncoding = 4; lastKnownFileType = sourcecode.swift; path = PTKGender.swift; sourceTree = "<group>"; };
		D4F2A7601D6A1F3B00E92647 /* PTKCreateTrainedStatus.swift */ = {isa = PBXFileReference; fileEncoding = 4; lastKnownFileType = sourcecode.swift; path = PTKCreateTrainedStatus.swift; sourceTree = "<group>"; };
		D4F2A7631D6A1FEF00E92647 /* Behavior.swift */ = {isa = PBXFileReference; fileEncoding = 4; lastKnownFileType = sourcecode.swift; path = Behavior.swift; sourceTree = "<group>"; };
		D4F2A7651D6A200300E92647 /* Medical.swift */ = {isa = PBXFileReference; fileEncoding = 4; lastKnownFileType = sourcecode.swift; path = Medical.swift; sourceTree = "<group>"; };
		D4F2A7671D6A203E00E92647 /* SpecieType.swift */ = {isa = PBXFileReference; fileEncoding = 4; lastKnownFileType = sourcecode.swift; path = SpecieType.swift; sourceTree = "<group>"; };
		D4F2A76A1D6A20B800E92647 /* PTKSpecieType.swift */ = {isa = PBXFileReference; fileEncoding = 4; lastKnownFileType = sourcecode.swift; path = PTKSpecieType.swift; sourceTree = "<group>"; };
		D4F2A76C1D6A20D200E92647 /* PTKPet.swift */ = {isa = PBXFileReference; fileEncoding = 4; lastKnownFileType = sourcecode.swift; path = PTKPet.swift; sourceTree = "<group>"; };
		D4F2A76F1D6A21B800E92647 /* PTKActivityLevel.swift */ = {isa = PBXFileReference; fileEncoding = 4; lastKnownFileType = sourcecode.swift; path = PTKActivityLevel.swift; sourceTree = "<group>"; };
		D4F2A7711D6A22EA00E92647 /* PTKDeclawed.swift */ = {isa = PBXFileReference; fileEncoding = 4; lastKnownFileType = sourcecode.swift; path = PTKDeclawed.swift; sourceTree = "<group>"; };
		D4F2A7751D6A2C3700E92647 /* Location.swift */ = {isa = PBXFileReference; fileEncoding = 4; lastKnownFileType = sourcecode.swift; path = Location.swift; sourceTree = "<group>"; };
		D4F2A7771D6A2CA500E92647 /* MapKit.framework */ = {isa = PBXFileReference; lastKnownFileType = wrapper.framework; name = MapKit.framework; path = System/Library/Frameworks/MapKit.framework; sourceTree = SDKROOT; };
		D4F2A7791D6A2CC000E92647 /* PTKPetShelter.swift */ = {isa = PBXFileReference; fileEncoding = 4; lastKnownFileType = sourcecode.swift; path = PTKPetShelter.swift; sourceTree = "<group>"; };
		D4F2A7831D6A4D6100E92647 /* PTKMicrochip.swift */ = {isa = PBXFileReference; fileEncoding = 4; lastKnownFileType = sourcecode.swift; path = PTKMicrochip.swift; sourceTree = "<group>"; };
		D4F2A7851D6A811600E92647 /* DateExtension.swift */ = {isa = PBXFileReference; fileEncoding = 4; lastKnownFileType = sourcecode.swift; path = DateExtension.swift; sourceTree = "<group>"; };
		D4F2A7881D6A95E200E92647 /* PTKRequestManager.swift */ = {isa = PBXFileReference; fileEncoding = 4; lastKnownFileType = sourcecode.swift; path = PTKRequestManager.swift; sourceTree = "<group>"; };
		D769DE391C62E9AE008C0BF8 /* Info.storyboard */ = {isa = PBXFileReference; fileEncoding = 4; lastKnownFileType = file.storyboard; name = Info.storyboard; path = Storyboards/Info.storyboard; sourceTree = "<group>"; };
		D769DE3B1C62EA82008C0BF8 /* LostPet.storyboard */ = {isa = PBXFileReference; fileEncoding = 4; lastKnownFileType = file.storyboard; name = LostPet.storyboard; path = Storyboards/LostPet.storyboard; sourceTree = "<group>"; };
		D769DE3D1C62EB6A008C0BF8 /* Search.storyboard */ = {isa = PBXFileReference; fileEncoding = 4; lastKnownFileType = file.storyboard; name = Search.storyboard; path = Storyboards/Search.storyboard; sourceTree = "<group>"; };
		D769DE3F1C62EDB1008C0BF8 /* PetListings.storyboard */ = {isa = PBXFileReference; fileEncoding = 4; lastKnownFileType = file.storyboard; name = PetListings.storyboard; path = Storyboards/PetListings.storyboard; sourceTree = "<group>"; };
		DC6B201E4CFE070A5EA1A84B /* Pods-PetAdoptionTransportKit.release.xcconfig */ = {isa = PBXFileReference; includeInIndex = 1; lastKnownFileType = text.xcconfig; name = "Pods-PetAdoptionTransportKit.release.xcconfig"; path = "Pods/Target Support Files/Pods-PetAdoptionTransportKit/Pods-PetAdoptionTransportKit.release.xcconfig"; sourceTree = "<group>"; };
		EA4067FF1E5BA21D3E13FEDB /* Pods-PetAdoptionTransportKit.debug.xcconfig */ = {isa = PBXFileReference; includeInIndex = 1; lastKnownFileType = text.xcconfig; name = "Pods-PetAdoptionTransportKit.debug.xcconfig"; path = "Pods/Target Support Files/Pods-PetAdoptionTransportKit/Pods-PetAdoptionTransportKit.debug.xcconfig"; sourceTree = "<group>"; };
/* End PBXFileReference section */

/* Begin PBXFrameworksBuildPhase section */
		D0950AC11C618C2F002E198C /* Frameworks */ = {
			isa = PBXFrameworksBuildPhase;
			buildActionMask = 2147483647;
			files = (
				D4F2A7441D6A081F00E92647 /* PetAdoptionTransportKit.framework in Frameworks */,
				90ADBC339006BDDE435B71C4 /* Pods_PetAdoption_iOS.framework in Frameworks */,
			);
			runOnlyForDeploymentPostprocessing = 0;
		};
		D0950AD51C618C2F002E198C /* Frameworks */ = {
			isa = PBXFrameworksBuildPhase;
			buildActionMask = 2147483647;
			files = (
			);
			runOnlyForDeploymentPostprocessing = 0;
		};
		D0950AE01C618C2F002E198C /* Frameworks */ = {
			isa = PBXFrameworksBuildPhase;
			buildActionMask = 2147483647;
			files = (
			);
			runOnlyForDeploymentPostprocessing = 0;
		};
		D4F2A72B1D6A081F00E92647 /* Frameworks */ = {
			isa = PBXFrameworksBuildPhase;
			buildActionMask = 2147483647;
			files = (
				D4F2A7781D6A2CA500E92647 /* MapKit.framework in Frameworks */,
				97C5226AC9AFB7547023F371 /* Pods_PetAdoptionTransportKit.framework in Frameworks */,
			);
			runOnlyForDeploymentPostprocessing = 0;
		};
		D4F2A7351D6A081F00E92647 /* Frameworks */ = {
			isa = PBXFrameworksBuildPhase;
			buildActionMask = 2147483647;
			files = (
				D4F2A7391D6A081F00E92647 /* PetAdoptionTransportKit.framework in Frameworks */,
			);
			runOnlyForDeploymentPostprocessing = 0;
		};
/* End PBXFrameworksBuildPhase section */

/* Begin PBXGroup section */
		0CC76AEEB5517DD4F07756A4 /* Frameworks */ = {
			isa = PBXGroup;
			children = (
				4226D9D11D8439C100B0DAA7 /* Alamofire.framework */,
				4200BBCC1D6BCFD1003C00A7 /* AlamofireImage.framework */,
				D4F2A7771D6A2CA500E92647 /* MapKit.framework */,
				D4F2A7501D6A0D6800E92647 /* Alamofire.framework */,
				925933A48637FAFF5BE6240D /* Pods.framework */,
				5FCC61B47493AD9AFC8BA810 /* Pods_PetAdoption_iOS.framework */,
				CBB921F8A0328C363307C66E /* Pods_PetAdoptionTransportKit.framework */,
			);
			name = Frameworks;
			sourceTree = "<group>";
		};
		4206E8601D73B6E100EA3C46 /* Fonts */ = {
			isa = PBXGroup;
			children = (
				D04088521C94BEE000A53389 /* OpenSans-Bold.ttf */,
				D04088531C94BEE000A53389 /* OpenSans-BoldItalic.ttf */,
				D04088541C94BEE000A53389 /* OpenSans-ExtraBold.ttf */,
				D04088551C94BEE000A53389 /* OpenSans-ExtraBoldItalic.ttf */,
				D04088561C94BEE000A53389 /* OpenSans-Italic.ttf */,
				D04088571C94BEE000A53389 /* OpenSans-Light.ttf */,
				D04088581C94BEE000A53389 /* OpenSans-LightItalic.ttf */,
				D04088591C94BEE000A53389 /* OpenSans-Regular.ttf */,
				D040885A1C94BEE000A53389 /* OpenSans-Semibold.ttf */,
				D040885B1C94BEE000A53389 /* OpenSans-SemiboldItalic.ttf */,
			);
			name = Fonts;
			sourceTree = "<group>";
		};
		42ACC1A81D689C82001C7C83 /* Extensions */ = {
			isa = PBXGroup;
			children = (
				D040884A1C94B6CC00A53389 /* UIColor+Theme.swift */,
				D04088501C94BE8600A53389 /* UIFont+Theme.swift */,
			);
			name = Extensions;
			sourceTree = "<group>";
		};
		42ACC1AB1D68A88C001C7C83 /* Protocols */ = {
			isa = PBXGroup;
			children = (
				42ACC1AC1D68A8A3001C7C83 /* ReusableView.swift */,
			);
			name = Protocols;
			sourceTree = "<group>";
		};
		42BC91241D67C7AF00B3B8FD /* Views */ = {
			isa = PBXGroup;
			children = (
				D0950B0C1C6198C2002E198C /* HomePortraitCollectionViewLayout.swift */,
				428A90A81D8441D5006B4259 /* HomeLandscapeCollectionViewLayout.swift */,
				42C2522B1C8899BD00B2BE6D /* TransparentNavBar.swift */,
				42C252291C8881DE00B2BE6D /* BackgroundView.swift */,
				42BC91251D67C7DA00B3B8FD /* PetCell.swift */,
				42070E081D7470A100B02BA2 /* DescriptionCell.swift */,
			);
			name = Views;
			sourceTree = "<group>";
		};
		B244AA826A3F48D774E89670 /* Pods */ = {
			isa = PBXGroup;
			children = (
				8AAD5FEFC48F2F2A23F42E1D /* Pods-PetAdoption-iOS.debug.xcconfig */,
				AB77A283D0B7D820C44F8CAD /* Pods-PetAdoption-iOS.release.xcconfig */,
				EA4067FF1E5BA21D3E13FEDB /* Pods-PetAdoptionTransportKit.debug.xcconfig */,
				DC6B201E4CFE070A5EA1A84B /* Pods-PetAdoptionTransportKit.release.xcconfig */,
			);
			name = Pods;
			sourceTree = "<group>";
		};
		D040884F1C94BD6100A53389 /* Resources */ = {
			isa = PBXGroup;
			children = (
				4206E8601D73B6E100EA3C46 /* Fonts */,
			);
			name = Resources;
			sourceTree = "<group>";
		};
		D0950ABB1C618C2F002E198C = {
			isa = PBXGroup;
			children = (
				D0950AF51C618CE4002E198C /* Podfile */,
				D0950AC61C618C2F002E198C /* PetAdoption-iOS */,
				D0950ADB1C618C2F002E198C /* PetAdoption-iOSTests */,
				D0950AE61C618C2F002E198C /* PetAdoption-iOSUITests */,
				D4F2A7301D6A081F00E92647 /* PetAdoptionTransportKit */,
				D4F2A73E1D6A081F00E92647 /* PetAdoptionTransportKitTests */,
				D0950AC51C618C2F002E198C /* Products */,
				0CC76AEEB5517DD4F07756A4 /* Frameworks */,
				B244AA826A3F48D774E89670 /* Pods */,
			);
			sourceTree = "<group>";
		};
		D0950AC51C618C2F002E198C /* Products */ = {
			isa = PBXGroup;
			children = (
				D0950AC41C618C2F002E198C /* PetAdoption-iOS.app */,
				D0950AD81C618C2F002E198C /* PetAdoption-iOSTests.xctest */,
				D0950AE31C618C2F002E198C /* PetAdoption-iOSUITests.xctest */,
				D4F2A72F1D6A081F00E92647 /* PetAdoptionTransportKit.framework */,
				D4F2A7381D6A081F00E92647 /* PetAdoptionTransportKitTests.xctest */,
			);
			name = Products;
			sourceTree = "<group>";
		};
		D0950AC61C618C2F002E198C /* PetAdoption-iOS */ = {
			isa = PBXGroup;
			children = (
				42ACC1AB1D68A88C001C7C83 /* Protocols */,
				42ACC1A81D689C82001C7C83 /* Extensions */,
				D040884F1C94BD6100A53389 /* Resources */,
				D769DE381C62E986008C0BF8 /* Storyboards */,
				D0950B0E1C61A5D5002E198C /* Nibs */,
				42BC91241D67C7AF00B3B8FD /* Views */,
				D0950AF71C618D86002E198C /* ViewControllers */,
				D0950AC71C618C2F002E198C /* AppDelegate.swift */,
				D0950ACE1C618C2F002E198C /* Assets.xcassets */,
				D0950AD01C618C2F002E198C /* LaunchScreen.storyboard */,
				D0950AD31C618C2F002E198C /* Info.plist */,
			);
			path = "PetAdoption-iOS";
			sourceTree = "<group>";
		};
		D0950ADB1C618C2F002E198C /* PetAdoption-iOSTests */ = {
			isa = PBXGroup;
			children = (
				D0950ADC1C618C2F002E198C /* PetAdoption_iOSTests.swift */,
				D0950ADE1C618C2F002E198C /* Info.plist */,
			);
			path = "PetAdoption-iOSTests";
			sourceTree = "<group>";
		};
		D0950AE61C618C2F002E198C /* PetAdoption-iOSUITests */ = {
			isa = PBXGroup;
			children = (
				D0950AE71C618C2F002E198C /* PetAdoption_iOSUITests.swift */,
				D0950AE91C618C2F002E198C /* Info.plist */,
			);
			path = "PetAdoption-iOSUITests";
			sourceTree = "<group>";
		};
		D0950AF71C618D86002E198C /* ViewControllers */ = {
			isa = PBXGroup;
			children = (
				D0E5367F1C704206004794D8 /* LostPet */,
				D0E5367E1C704200004794D8 /* Info */,
				D0E5367D1C7041F9004794D8 /* Search */,
				D0E5367C1C7041F3004794D8 /* PetListings */,
			);
			name = ViewControllers;
			sourceTree = "<group>";
		};
		D0950B0E1C61A5D5002E198C /* Nibs */ = {
			isa = PBXGroup;
			children = (
				D013BFA41C716B7E007C8808 /* ImageGalleryView.xib */,
				D013BFA61C717935007C8808 /* ImageGalleryView.swift */,
			);
			name = Nibs;
			sourceTree = "<group>";
		};
		D0E5367C1C7041F3004794D8 /* PetListings */ = {
			isa = PBXGroup;
			children = (
				D0950AFA1C619146002E198C /* PetListingViewController.swift */,
				420FD5751D6F255A00E5DD89 /* PetListingDetailVC.swift */,
			);
			name = PetListings;
			sourceTree = "<group>";
		};
		D0E5367D1C7041F9004794D8 /* Search */ = {
			isa = PBXGroup;
			children = (
				D0E536781C70405D004794D8 /* SearchViewController.swift */,
			);
			name = Search;
			sourceTree = "<group>";
		};
		D0E5367E1C704200004794D8 /* Info */ = {
			isa = PBXGroup;
			children = (
				D0950B001C619172002E198C /* InfoViewController.swift */,
			);
			name = Info;
			sourceTree = "<group>";
		};
		D0E5367F1C704206004794D8 /* LostPet */ = {
			isa = PBXGroup;
			children = (
				D0950AFE1C619162002E198C /* LostPetViewController.swift */,
			);
			name = LostPet;
			sourceTree = "<group>";
		};
		D4F2A7301D6A081F00E92647 /* PetAdoptionTransportKit */ = {
			isa = PBXGroup;
			children = (
				D4F2A7311D6A081F00E92647 /* PetAdoptionTransportKit.h */,
				D4F2A7881D6A95E200E92647 /* PTKRequestManager.swift */,
				D4F2A7621D6A1F8300E92647 /* Enums */,
				D4F2A7871D6A813300E92647 /* Extensions */,
				D4F2A7691D6A205C00E92647 /* Protocols */,
				D4F2A76E1D6A211300E92647 /* Structs */,
				D4F2A7331D6A081F00E92647 /* Info.plist */,
			);
			path = PetAdoptionTransportKit;
			sourceTree = "<group>";
		};
		D4F2A73E1D6A081F00E92647 /* PetAdoptionTransportKitTests */ = {
			isa = PBXGroup;
			children = (
				D4F2A73F1D6A081F00E92647 /* PetAdoptionTransportKitTests.swift */,
				D4F2A7411D6A081F00E92647 /* Info.plist */,
			);
			path = PetAdoptionTransportKitTests;
			sourceTree = "<group>";
		};
		D4F2A7621D6A1F8300E92647 /* Enums */ = {
			isa = PBXGroup;
			children = (
				D4F2A76F1D6A21B800E92647 /* PTKActivityLevel.swift */,
				D4F2A7521D6A1E3C00E92647 /* PTKAgeRange.swift */,
				D4F2A7711D6A22EA00E92647 /* PTKDeclawed.swift */,
				D4F2A75C1D6A1EDC00E92647 /* PTKCrateTrained.swift */,
				D4F2A7601D6A1F3B00E92647 /* PTKCreateTrainedStatus.swift */,
				D4F2A75E1D6A1EF100E92647 /* PTKGender.swift */,
				D4F2A7561D6A1E9200E92647 /* PTKHeartwormTestStatus.swift */,
				D4F2A7541D6A1E6000E92647 /* PTKHouseTrained.swift */,
				D4F2A7581D6A1EAB00E92647 /* PTKMedicalShotStatus.swift */,
				D4F2A75A1D6A1EC500E92647 /* PTKMicrochipStatus.swift */,
			);
			name = Enums;
			sourceTree = "<group>";
		};
		D4F2A7691D6A205C00E92647 /* Protocols */ = {
			isa = PBXGroup;
			children = (
				D4F2A7631D6A1FEF00E92647 /* Behavior.swift */,
				D4F2A7651D6A200300E92647 /* Medical.swift */,
				D4F2A7671D6A203E00E92647 /* SpecieType.swift */,
				D4F2A7751D6A2C3700E92647 /* Location.swift */,
			);
			name = Protocols;
			sourceTree = "<group>";
		};
		D4F2A76E1D6A211300E92647 /* Structs */ = {
			isa = PBXGroup;
			children = (
				D4F2A7831D6A4D6100E92647 /* PTKMicrochip.swift */,
				D4F2A76A1D6A20B800E92647 /* PTKSpecieType.swift */,
				D4F2A76C1D6A20D200E92647 /* PTKPet.swift */,
				D4F2A7791D6A2CC000E92647 /* PTKPetShelter.swift */,
			);
			name = Structs;
			sourceTree = "<group>";
		};
		D4F2A7871D6A813300E92647 /* Extensions */ = {
			isa = PBXGroup;
			children = (
				D4F2A7851D6A811600E92647 /* DateExtension.swift */,
			);
			name = Extensions;
			sourceTree = "<group>";
		};
		D769DE381C62E986008C0BF8 /* Storyboards */ = {
			isa = PBXGroup;
			children = (
				D0950ACB1C618C2F002E198C /* Main.storyboard */,
				D769DE391C62E9AE008C0BF8 /* Info.storyboard */,
				D769DE3B1C62EA82008C0BF8 /* LostPet.storyboard */,
				D769DE3D1C62EB6A008C0BF8 /* Search.storyboard */,
				D769DE3F1C62EDB1008C0BF8 /* PetListings.storyboard */,
			);
			name = Storyboards;
			sourceTree = "<group>";
		};
/* End PBXGroup section */

/* Begin PBXHeadersBuildPhase section */
		D4F2A72C1D6A081F00E92647 /* Headers */ = {
			isa = PBXHeadersBuildPhase;
			buildActionMask = 2147483647;
			files = (
				D4F2A7321D6A081F00E92647 /* PetAdoptionTransportKit.h in Headers */,
			);
			runOnlyForDeploymentPostprocessing = 0;
		};
/* End PBXHeadersBuildPhase section */

/* Begin PBXNativeTarget section */
		D0950AC31C618C2F002E198C /* PetAdoption-iOS */ = {
			isa = PBXNativeTarget;
			buildConfigurationList = D0950AEC1C618C2F002E198C /* Build configuration list for PBXNativeTarget "PetAdoption-iOS" */;
			buildPhases = (
				0248BBE28186FD8D23C25934 /* [CP] Check Pods Manifest.lock */,
				D0950AC01C618C2F002E198C /* Sources */,
				D0950AC11C618C2F002E198C /* Frameworks */,
				D0950AC21C618C2F002E198C /* Resources */,
				D4F2A74B1D6A081F00E92647 /* Embed Frameworks */,
				54807806C786D58271CBD0A4 /* [CP] Embed Pods Frameworks */,
				049FF039C6FED370024547AD /* [CP] Copy Pods Resources */,
			);
			buildRules = (
			);
			dependencies = (
				D4F2A7431D6A081F00E92647 /* PBXTargetDependency */,
			);
			name = "PetAdoption-iOS";
			productName = "PetAdoption-iOS";
			productReference = D0950AC41C618C2F002E198C /* PetAdoption-iOS.app */;
			productType = "com.apple.product-type.application";
		};
		D0950AD71C618C2F002E198C /* PetAdoption-iOSTests */ = {
			isa = PBXNativeTarget;
			buildConfigurationList = D0950AEF1C618C2F002E198C /* Build configuration list for PBXNativeTarget "PetAdoption-iOSTests" */;
			buildPhases = (
				D0950AD41C618C2F002E198C /* Sources */,
				D0950AD51C618C2F002E198C /* Frameworks */,
				D0950AD61C618C2F002E198C /* Resources */,
			);
			buildRules = (
			);
			dependencies = (
				D0950ADA1C618C2F002E198C /* PBXTargetDependency */,
			);
			name = "PetAdoption-iOSTests";
			productName = "PetAdoption-iOSTests";
			productReference = D0950AD81C618C2F002E198C /* PetAdoption-iOSTests.xctest */;
			productType = "com.apple.product-type.bundle.unit-test";
		};
		D0950AE21C618C2F002E198C /* PetAdoption-iOSUITests */ = {
			isa = PBXNativeTarget;
			buildConfigurationList = D0950AF21C618C2F002E198C /* Build configuration list for PBXNativeTarget "PetAdoption-iOSUITests" */;
			buildPhases = (
				D0950ADF1C618C2F002E198C /* Sources */,
				D0950AE01C618C2F002E198C /* Frameworks */,
				D0950AE11C618C2F002E198C /* Resources */,
			);
			buildRules = (
			);
			dependencies = (
				D0950AE51C618C2F002E198C /* PBXTargetDependency */,
			);
			name = "PetAdoption-iOSUITests";
			productName = "PetAdoption-iOSUITests";
			productReference = D0950AE31C618C2F002E198C /* PetAdoption-iOSUITests.xctest */;
			productType = "com.apple.product-type.bundle.ui-testing";
		};
		D4F2A72E1D6A081F00E92647 /* PetAdoptionTransportKit */ = {
			isa = PBXNativeTarget;
			buildConfigurationList = D4F2A74A1D6A081F00E92647 /* Build configuration list for PBXNativeTarget "PetAdoptionTransportKit" */;
			buildPhases = (
				88E23DAA72EF2AE12EBAA975 /* [CP] Check Pods Manifest.lock */,
				D4F2A72A1D6A081F00E92647 /* Sources */,
				D4F2A72B1D6A081F00E92647 /* Frameworks */,
				D4F2A72C1D6A081F00E92647 /* Headers */,
				D4F2A72D1D6A081F00E92647 /* Resources */,
				A1E5A57010B48C954549AC4E /* [CP] Copy Pods Resources */,
			);
			buildRules = (
			);
			dependencies = (
			);
			name = PetAdoptionTransportKit;
			productName = PetAdoptionTransportKit;
			productReference = D4F2A72F1D6A081F00E92647 /* PetAdoptionTransportKit.framework */;
			productType = "com.apple.product-type.framework";
		};
		D4F2A7371D6A081F00E92647 /* PetAdoptionTransportKitTests */ = {
			isa = PBXNativeTarget;
			buildConfigurationList = D4F2A74C1D6A081F00E92647 /* Build configuration list for PBXNativeTarget "PetAdoptionTransportKitTests" */;
			buildPhases = (
				D4F2A7341D6A081F00E92647 /* Sources */,
				D4F2A7351D6A081F00E92647 /* Frameworks */,
				D4F2A7361D6A081F00E92647 /* Resources */,
			);
			buildRules = (
			);
			dependencies = (
				D4F2A73B1D6A081F00E92647 /* PBXTargetDependency */,
				D4F2A73D1D6A081F00E92647 /* PBXTargetDependency */,
			);
			name = PetAdoptionTransportKitTests;
			productName = PetAdoptionTransportKitTests;
			productReference = D4F2A7381D6A081F00E92647 /* PetAdoptionTransportKitTests.xctest */;
			productType = "com.apple.product-type.bundle.unit-test";
		};
/* End PBXNativeTarget section */

/* Begin PBXProject section */
		D0950ABC1C618C2F002E198C /* Project object */ = {
			isa = PBXProject;
			attributes = {
				LastSwiftUpdateCheck = 0730;
				LastUpgradeCheck = 0830;
				ORGANIZATIONNAME = "Code For Orlando";
				TargetAttributes = {
					D0950AC31C618C2F002E198C = {
						CreatedOnToolsVersion = 7.2;
						DevelopmentTeam = 4X359D924E;
						LastSwiftMigration = 0810;
					};
					D0950AD71C618C2F002E198C = {
						CreatedOnToolsVersion = 7.2;
						DevelopmentTeam = 4X359D924E;
						LastSwiftMigration = 0830;
						TestTargetID = D0950AC31C618C2F002E198C;
					};
					D0950AE21C618C2F002E198C = {
						CreatedOnToolsVersion = 7.2;
						DevelopmentTeam = 4X359D924E;
						LastSwiftMigration = 0830;
						TestTargetID = D0950AC31C618C2F002E198C;
					};
					D4F2A72E1D6A081F00E92647 = {
						CreatedOnToolsVersion = 7.3;
						LastSwiftMigration = 0810;
					};
					D4F2A7371D6A081F00E92647 = {
						CreatedOnToolsVersion = 7.3;
						DevelopmentTeam = 4X359D924E;
						LastSwiftMigration = 0810;
						TestTargetID = D0950AC31C618C2F002E198C;
					};
				};
			};
			buildConfigurationList = D0950ABF1C618C2F002E198C /* Build configuration list for PBXProject "PetAdoption-iOS" */;
			compatibilityVersion = "Xcode 3.2";
			developmentRegion = English;
			hasScannedForEncodings = 0;
			knownRegions = (
				en,
				Base,
			);
			mainGroup = D0950ABB1C618C2F002E198C;
			productRefGroup = D0950AC51C618C2F002E198C /* Products */;
			projectDirPath = "";
			projectRoot = "";
			targets = (
				D0950AC31C618C2F002E198C /* PetAdoption-iOS */,
				D0950AD71C618C2F002E198C /* PetAdoption-iOSTests */,
				D0950AE21C618C2F002E198C /* PetAdoption-iOSUITests */,
				D4F2A72E1D6A081F00E92647 /* PetAdoptionTransportKit */,
				D4F2A7371D6A081F00E92647 /* PetAdoptionTransportKitTests */,
			);
		};
/* End PBXProject section */

/* Begin PBXResourcesBuildPhase section */
		D0950AC21C618C2F002E198C /* Resources */ = {
			isa = PBXResourcesBuildPhase;
			buildActionMask = 2147483647;
			files = (
				D040885C1C94BEE000A53389 /* OpenSans-Bold.ttf in Resources */,
				D040885F1C94BEE000A53389 /* OpenSans-ExtraBoldItalic.ttf in Resources */,
				D769DE3A1C62E9AE008C0BF8 /* Info.storyboard in Resources */,
				D04088601C94BEE000A53389 /* OpenSans-Italic.ttf in Resources */,
				D0950AD21C618C2F002E198C /* LaunchScreen.storyboard in Resources */,
				D0950ACF1C618C2F002E198C /* Assets.xcassets in Resources */,
				D0950AF61C618CE4002E198C /* Podfile in Resources */,
				D0950ACD1C618C2F002E198C /* Main.storyboard in Resources */,
				D04088621C94BEE000A53389 /* OpenSans-LightItalic.ttf in Resources */,
				D040885D1C94BEE000A53389 /* OpenSans-BoldItalic.ttf in Resources */,
				D04088641C94BEE000A53389 /* OpenSans-Semibold.ttf in Resources */,
				D04088611C94BEE000A53389 /* OpenSans-Light.ttf in Resources */,
				D769DE401C62EDB1008C0BF8 /* PetListings.storyboard in Resources */,
				D013BFA51C716B7E007C8808 /* ImageGalleryView.xib in Resources */,
				D769DE3E1C62EB6A008C0BF8 /* Search.storyboard in Resources */,
				D04088651C94BEE000A53389 /* OpenSans-SemiboldItalic.ttf in Resources */,
				D769DE3C1C62EA82008C0BF8 /* LostPet.storyboard in Resources */,
				D04088631C94BEE000A53389 /* OpenSans-Regular.ttf in Resources */,
				D040885E1C94BEE000A53389 /* OpenSans-ExtraBold.ttf in Resources */,
			);
			runOnlyForDeploymentPostprocessing = 0;
		};
		D0950AD61C618C2F002E198C /* Resources */ = {
			isa = PBXResourcesBuildPhase;
			buildActionMask = 2147483647;
			files = (
			);
			runOnlyForDeploymentPostprocessing = 0;
		};
		D0950AE11C618C2F002E198C /* Resources */ = {
			isa = PBXResourcesBuildPhase;
			buildActionMask = 2147483647;
			files = (
			);
			runOnlyForDeploymentPostprocessing = 0;
		};
		D4F2A72D1D6A081F00E92647 /* Resources */ = {
			isa = PBXResourcesBuildPhase;
			buildActionMask = 2147483647;
			files = (
			);
			runOnlyForDeploymentPostprocessing = 0;
		};
		D4F2A7361D6A081F00E92647 /* Resources */ = {
			isa = PBXResourcesBuildPhase;
			buildActionMask = 2147483647;
			files = (
			);
			runOnlyForDeploymentPostprocessing = 0;
		};
/* End PBXResourcesBuildPhase section */

/* Begin PBXShellScriptBuildPhase section */
		0248BBE28186FD8D23C25934 /* [CP] Check Pods Manifest.lock */ = {
			isa = PBXShellScriptBuildPhase;
			buildActionMask = 2147483647;
			files = (
			);
			inputPaths = (
				"${PODS_PODFILE_DIR_PATH}/Podfile.lock",
				"${PODS_ROOT}/Manifest.lock",
			);
			name = "[CP] Check Pods Manifest.lock";
			outputPaths = (
				"$(DERIVED_FILE_DIR)/Pods-PetAdoption-iOS-checkManifestLockResult.txt",
			);
			runOnlyForDeploymentPostprocessing = 0;
			shellPath = /bin/sh;
			shellScript = "diff \"${PODS_PODFILE_DIR_PATH}/Podfile.lock\" \"${PODS_ROOT}/Manifest.lock\" > /dev/null\nif [ $? != 0 ] ; then\n    # print error to STDERR\n    echo \"error: The sandbox is not in sync with the Podfile.lock. Run 'pod install' or update your CocoaPods installation.\" >&2\n    exit 1\nfi\n# This output is used by Xcode 'outputs' to avoid re-running this script phase.\necho \"SUCCESS\" > \"${SCRIPT_OUTPUT_FILE_0}\"\n";
			showEnvVarsInLog = 0;
		};
		049FF039C6FED370024547AD /* [CP] Copy Pods Resources */ = {
			isa = PBXShellScriptBuildPhase;
			buildActionMask = 2147483647;
			files = (
			);
			inputPaths = (
			);
			name = "[CP] Copy Pods Resources";
			outputPaths = (
			);
			runOnlyForDeploymentPostprocessing = 0;
			shellPath = /bin/sh;
			shellScript = "\"${SRCROOT}/Pods/Target Support Files/Pods-PetAdoption-iOS/Pods-PetAdoption-iOS-resources.sh\"\n";
			showEnvVarsInLog = 0;
		};
		54807806C786D58271CBD0A4 /* [CP] Embed Pods Frameworks */ = {
			isa = PBXShellScriptBuildPhase;
			buildActionMask = 2147483647;
			files = (
			);
			inputPaths = (
				"${SRCROOT}/Pods/Target Support Files/Pods-PetAdoption-iOS/Pods-PetAdoption-iOS-frameworks.sh",
				"${BUILT_PRODUCTS_DIR}/Alamofire/Alamofire.framework",
				"${BUILT_PRODUCTS_DIR}/AlamofireImage/AlamofireImage.framework",
				"${BUILT_PRODUCTS_DIR}/SDWebImage/SDWebImage.framework",
				"${BUILT_PRODUCTS_DIR}/Toast-Swift/Toast_Swift.framework",
			);
			name = "[CP] Embed Pods Frameworks";
			outputPaths = (
				"${TARGET_BUILD_DIR}/${FRAMEWORKS_FOLDER_PATH}/Alamofire.framework",
				"${TARGET_BUILD_DIR}/${FRAMEWORKS_FOLDER_PATH}/AlamofireImage.framework",
				"${TARGET_BUILD_DIR}/${FRAMEWORKS_FOLDER_PATH}/SDWebImage.framework",
				"${TARGET_BUILD_DIR}/${FRAMEWORKS_FOLDER_PATH}/Toast_Swift.framework",
			);
			runOnlyForDeploymentPostprocessing = 0;
			shellPath = /bin/sh;
			shellScript = "\"${SRCROOT}/Pods/Target Support Files/Pods-PetAdoption-iOS/Pods-PetAdoption-iOS-frameworks.sh\"\n";
			showEnvVarsInLog = 0;
		};
		88E23DAA72EF2AE12EBAA975 /* [CP] Check Pods Manifest.lock */ = {
			isa = PBXShellScriptBuildPhase;
			buildActionMask = 2147483647;
			files = (
			);
			inputPaths = (
				"${PODS_PODFILE_DIR_PATH}/Podfile.lock",
				"${PODS_ROOT}/Manifest.lock",
			);
			name = "[CP] Check Pods Manifest.lock";
			outputPaths = (
				"$(DERIVED_FILE_DIR)/Pods-PetAdoptionTransportKit-checkManifestLockResult.txt",
			);
			runOnlyForDeploymentPostprocessing = 0;
			shellPath = /bin/sh;
			shellScript = "diff \"${PODS_PODFILE_DIR_PATH}/Podfile.lock\" \"${PODS_ROOT}/Manifest.lock\" > /dev/null\nif [ $? != 0 ] ; then\n    # print error to STDERR\n    echo \"error: The sandbox is not in sync with the Podfile.lock. Run 'pod install' or update your CocoaPods installation.\" >&2\n    exit 1\nfi\n# This output is used by Xcode 'outputs' to avoid re-running this script phase.\necho \"SUCCESS\" > \"${SCRIPT_OUTPUT_FILE_0}\"\n";
			showEnvVarsInLog = 0;
		};
		A1E5A57010B48C954549AC4E /* [CP] Copy Pods Resources */ = {
			isa = PBXShellScriptBuildPhase;
			buildActionMask = 2147483647;
			files = (
			);
			inputPaths = (
			);
			name = "[CP] Copy Pods Resources";
			outputPaths = (
			);
			runOnlyForDeploymentPostprocessing = 0;
			shellPath = /bin/sh;
			shellScript = "\"${SRCROOT}/Pods/Target Support Files/Pods-PetAdoptionTransportKit/Pods-PetAdoptionTransportKit-resources.sh\"\n";
			showEnvVarsInLog = 0;
		};
/* End PBXShellScriptBuildPhase section */

/* Begin PBXSourcesBuildPhase section */
		D0950AC01C618C2F002E198C /* Sources */ = {
			isa = PBXSourcesBuildPhase;
			buildActionMask = 2147483647;
			files = (
				D0E536791C70405D004794D8 /* SearchViewController.swift in Sources */,
				42ACC1AD1D68A8A3001C7C83 /* ReusableView.swift in Sources */,
				42C2522C1C8899BD00B2BE6D /* TransparentNavBar.swift in Sources */,
				42C2522A1C8881DE00B2BE6D /* BackgroundView.swift in Sources */,
				42070E091D7470A100B02BA2 /* DescriptionCell.swift in Sources */,
				D013BFA71C717935007C8808 /* ImageGalleryView.swift in Sources */,
				42BC91261D67C7DA00B3B8FD /* PetCell.swift in Sources */,
				D0950AFF1C619162002E198C /* LostPetViewController.swift in Sources */,
				D04088511C94BE8600A53389 /* UIFont+Theme.swift in Sources */,
				D0950AC81C618C2F002E198C /* AppDelegate.swift in Sources */,
				420FD5761D6F255A00E5DD89 /* PetListingDetailVC.swift in Sources */,
				428A90A91D8441D5006B4259 /* HomeLandscapeCollectionViewLayout.swift in Sources */,
				D0950B0D1C6198C2002E198C /* HomePortraitCollectionViewLayout.swift in Sources */,
				D0950AFB1C619146002E198C /* PetListingViewController.swift in Sources */,
				D0950B011C619172002E198C /* InfoViewController.swift in Sources */,
				D040884B1C94B6CC00A53389 /* UIColor+Theme.swift in Sources */,
			);
			runOnlyForDeploymentPostprocessing = 0;
		};
		D0950AD41C618C2F002E198C /* Sources */ = {
			isa = PBXSourcesBuildPhase;
			buildActionMask = 2147483647;
			files = (
				D0950ADD1C618C2F002E198C /* PetAdoption_iOSTests.swift in Sources */,
			);
			runOnlyForDeploymentPostprocessing = 0;
		};
		D0950ADF1C618C2F002E198C /* Sources */ = {
			isa = PBXSourcesBuildPhase;
			buildActionMask = 2147483647;
			files = (
				D0950AE81C618C2F002E198C /* PetAdoption_iOSUITests.swift in Sources */,
			);
			runOnlyForDeploymentPostprocessing = 0;
		};
		D4F2A72A1D6A081F00E92647 /* Sources */ = {
			isa = PBXSourcesBuildPhase;
			buildActionMask = 2147483647;
			files = (
				D4F2A75D1D6A1EDC00E92647 /* PTKCrateTrained.swift in Sources */,
				D4F2A7861D6A811600E92647 /* DateExtension.swift in Sources */,
				D4F2A7641D6A1FEF00E92647 /* Behavior.swift in Sources */,
				D4F2A7591D6A1EAB00E92647 /* PTKMedicalShotStatus.swift in Sources */,
				D4F2A7721D6A22EA00E92647 /* PTKDeclawed.swift in Sources */,
				D4F2A7761D6A2C3700E92647 /* Location.swift in Sources */,
				D4F2A7551D6A1E6000E92647 /* PTKHouseTrained.swift in Sources */,
				D4F2A7531D6A1E3C00E92647 /* PTKAgeRange.swift in Sources */,
				D4F2A76D1D6A20D200E92647 /* PTKPet.swift in Sources */,
				D4F2A7891D6A95E200E92647 /* PTKRequestManager.swift in Sources */,
				D4F2A7701D6A21B800E92647 /* PTKActivityLevel.swift in Sources */,
				D4F2A75B1D6A1EC500E92647 /* PTKMicrochipStatus.swift in Sources */,
				D4F2A7661D6A200300E92647 /* Medical.swift in Sources */,
				D4F2A75F1D6A1EF100E92647 /* PTKGender.swift in Sources */,
				D4F2A77A1D6A2CC000E92647 /* PTKPetShelter.swift in Sources */,
				D4F2A7611D6A1F3B00E92647 /* PTKCreateTrainedStatus.swift in Sources */,
				D4F2A7681D6A203E00E92647 /* SpecieType.swift in Sources */,
				D4F2A76B1D6A20B800E92647 /* PTKSpecieType.swift in Sources */,
				D4F2A7571D6A1E9200E92647 /* PTKHeartwormTestStatus.swift in Sources */,
				D4F2A7841D6A4D6100E92647 /* PTKMicrochip.swift in Sources */,
			);
			runOnlyForDeploymentPostprocessing = 0;
		};
		D4F2A7341D6A081F00E92647 /* Sources */ = {
			isa = PBXSourcesBuildPhase;
			buildActionMask = 2147483647;
			files = (
				D4F2A7401D6A081F00E92647 /* PetAdoptionTransportKitTests.swift in Sources */,
			);
			runOnlyForDeploymentPostprocessing = 0;
		};
/* End PBXSourcesBuildPhase section */

/* Begin PBXTargetDependency section */
		D0950ADA1C618C2F002E198C /* PBXTargetDependency */ = {
			isa = PBXTargetDependency;
			target = D0950AC31C618C2F002E198C /* PetAdoption-iOS */;
			targetProxy = D0950AD91C618C2F002E198C /* PBXContainerItemProxy */;
		};
		D0950AE51C618C2F002E198C /* PBXTargetDependency */ = {
			isa = PBXTargetDependency;
			target = D0950AC31C618C2F002E198C /* PetAdoption-iOS */;
			targetProxy = D0950AE41C618C2F002E198C /* PBXContainerItemProxy */;
		};
		D4F2A73B1D6A081F00E92647 /* PBXTargetDependency */ = {
			isa = PBXTargetDependency;
			target = D4F2A72E1D6A081F00E92647 /* PetAdoptionTransportKit */;
			targetProxy = D4F2A73A1D6A081F00E92647 /* PBXContainerItemProxy */;
		};
		D4F2A73D1D6A081F00E92647 /* PBXTargetDependency */ = {
			isa = PBXTargetDependency;
			target = D0950AC31C618C2F002E198C /* PetAdoption-iOS */;
			targetProxy = D4F2A73C1D6A081F00E92647 /* PBXContainerItemProxy */;
		};
		D4F2A7431D6A081F00E92647 /* PBXTargetDependency */ = {
			isa = PBXTargetDependency;
			target = D4F2A72E1D6A081F00E92647 /* PetAdoptionTransportKit */;
			targetProxy = D4F2A7421D6A081F00E92647 /* PBXContainerItemProxy */;
		};
/* End PBXTargetDependency section */

/* Begin PBXVariantGroup section */
		D0950ACB1C618C2F002E198C /* Main.storyboard */ = {
			isa = PBXVariantGroup;
			children = (
				D0950ACC1C618C2F002E198C /* Base */,
			);
			name = Main.storyboard;
			sourceTree = "<group>";
		};
		D0950AD01C618C2F002E198C /* LaunchScreen.storyboard */ = {
			isa = PBXVariantGroup;
			children = (
				D0950AD11C618C2F002E198C /* Base */,
			);
			name = LaunchScreen.storyboard;
			sourceTree = "<group>";
		};
/* End PBXVariantGroup section */

/* Begin XCBuildConfiguration section */
		D0950AEA1C618C2F002E198C /* Debug */ = {
			isa = XCBuildConfiguration;
			buildSettings = {
				ALWAYS_SEARCH_USER_PATHS = NO;
				CLANG_CXX_LANGUAGE_STANDARD = "gnu++0x";
				CLANG_CXX_LIBRARY = "libc++";
				CLANG_ENABLE_MODULES = YES;
				CLANG_ENABLE_OBJC_ARC = YES;
				CLANG_WARN_BOOL_CONVERSION = YES;
				CLANG_WARN_CONSTANT_CONVERSION = YES;
				CLANG_WARN_DIRECT_OBJC_ISA_USAGE = YES_ERROR;
				CLANG_WARN_EMPTY_BODY = YES;
				CLANG_WARN_ENUM_CONVERSION = YES;
				CLANG_WARN_INFINITE_RECURSION = YES;
				CLANG_WARN_INT_CONVERSION = YES;
				CLANG_WARN_OBJC_ROOT_CLASS = YES_ERROR;
				CLANG_WARN_SUSPICIOUS_MOVE = YES;
				CLANG_WARN_UNREACHABLE_CODE = YES;
				CLANG_WARN__DUPLICATE_METHOD_MATCH = YES;
				"CODE_SIGN_IDENTITY[sdk=iphoneos*]" = "iPhone Developer";
				COPY_PHASE_STRIP = NO;
				DEBUG_INFORMATION_FORMAT = dwarf;
				ENABLE_STRICT_OBJC_MSGSEND = YES;
				ENABLE_TESTABILITY = YES;
				GCC_C_LANGUAGE_STANDARD = gnu99;
				GCC_DYNAMIC_NO_PIC = NO;
				GCC_NO_COMMON_BLOCKS = YES;
				GCC_OPTIMIZATION_LEVEL = 0;
				GCC_PREPROCESSOR_DEFINITIONS = (
					"DEBUG=1",
					"$(inherited)",
				);
				GCC_WARN_64_TO_32_BIT_CONVERSION = YES;
				GCC_WARN_ABOUT_RETURN_TYPE = YES_ERROR;
				GCC_WARN_UNDECLARED_SELECTOR = YES;
				GCC_WARN_UNINITIALIZED_AUTOS = YES_AGGRESSIVE;
				GCC_WARN_UNUSED_FUNCTION = YES;
				GCC_WARN_UNUSED_VARIABLE = YES;
				IPHONEOS_DEPLOYMENT_TARGET = 9.2;
				MTL_ENABLE_DEBUG_INFO = YES;
				ONLY_ACTIVE_ARCH = YES;
				SDKROOT = iphoneos;
				SWIFT_OPTIMIZATION_LEVEL = "-Onone";
				TARGETED_DEVICE_FAMILY = "1,2";
			};
			name = Debug;
		};
		D0950AEB1C618C2F002E198C /* Release */ = {
			isa = XCBuildConfiguration;
			buildSettings = {
				ALWAYS_SEARCH_USER_PATHS = NO;
				CLANG_CXX_LANGUAGE_STANDARD = "gnu++0x";
				CLANG_CXX_LIBRARY = "libc++";
				CLANG_ENABLE_MODULES = YES;
				CLANG_ENABLE_OBJC_ARC = YES;
				CLANG_WARN_BOOL_CONVERSION = YES;
				CLANG_WARN_CONSTANT_CONVERSION = YES;
				CLANG_WARN_DIRECT_OBJC_ISA_USAGE = YES_ERROR;
				CLANG_WARN_EMPTY_BODY = YES;
				CLANG_WARN_ENUM_CONVERSION = YES;
				CLANG_WARN_INFINITE_RECURSION = YES;
				CLANG_WARN_INT_CONVERSION = YES;
				CLANG_WARN_OBJC_ROOT_CLASS = YES_ERROR;
				CLANG_WARN_SUSPICIOUS_MOVE = YES;
				CLANG_WARN_UNREACHABLE_CODE = YES;
				CLANG_WARN__DUPLICATE_METHOD_MATCH = YES;
				"CODE_SIGN_IDENTITY[sdk=iphoneos*]" = "iPhone Developer";
				COPY_PHASE_STRIP = NO;
				DEBUG_INFORMATION_FORMAT = "dwarf-with-dsym";
				ENABLE_NS_ASSERTIONS = NO;
				ENABLE_STRICT_OBJC_MSGSEND = YES;
				GCC_C_LANGUAGE_STANDARD = gnu99;
				GCC_NO_COMMON_BLOCKS = YES;
				GCC_WARN_64_TO_32_BIT_CONVERSION = YES;
				GCC_WARN_ABOUT_RETURN_TYPE = YES_ERROR;
				GCC_WARN_UNDECLARED_SELECTOR = YES;
				GCC_WARN_UNINITIALIZED_AUTOS = YES_AGGRESSIVE;
				GCC_WARN_UNUSED_FUNCTION = YES;
				GCC_WARN_UNUSED_VARIABLE = YES;
				IPHONEOS_DEPLOYMENT_TARGET = 9.2;
				MTL_ENABLE_DEBUG_INFO = NO;
				SDKROOT = iphoneos;
				SWIFT_OPTIMIZATION_LEVEL = "-Owholemodule";
				TARGETED_DEVICE_FAMILY = "1,2";
				VALIDATE_PRODUCT = YES;
			};
			name = Release;
		};
		D0950AED1C618C2F002E198C /* Debug */ = {
			isa = XCBuildConfiguration;
			baseConfigurationReference = 8AAD5FEFC48F2F2A23F42E1D /* Pods-PetAdoption-iOS.debug.xcconfig */;
			buildSettings = {
				ALWAYS_EMBED_SWIFT_STANDARD_LIBRARIES = "$(inherited)";
				ASSETCATALOG_COMPILER_APPICON_NAME = AppIcon;
				DEVELOPMENT_TEAM = 4X359D924E;
				FRAMEWORK_SEARCH_PATHS = (
					"$(inherited)",
					"$(PROJECT_DIR)",
				);
				INFOPLIST_FILE = "PetAdoption-iOS/Info.plist";
				LD_RUNPATH_SEARCH_PATHS = "$(inherited) @executable_path/Frameworks";
				PRODUCT_BUNDLE_IDENTIFIER = "com.codefororlando.PetAdoption-iOS";
				PRODUCT_NAME = "$(TARGET_NAME)";
				SWIFT_VERSION = 3.0;
			};
			name = Debug;
		};
		D0950AEE1C618C2F002E198C /* Release */ = {
			isa = XCBuildConfiguration;
			baseConfigurationReference = AB77A283D0B7D820C44F8CAD /* Pods-PetAdoption-iOS.release.xcconfig */;
			buildSettings = {
				ALWAYS_EMBED_SWIFT_STANDARD_LIBRARIES = "$(inherited)";
				ASSETCATALOG_COMPILER_APPICON_NAME = AppIcon;
				DEVELOPMENT_TEAM = 4X359D924E;
				FRAMEWORK_SEARCH_PATHS = (
					"$(inherited)",
					"$(PROJECT_DIR)",
				);
				INFOPLIST_FILE = "PetAdoption-iOS/Info.plist";
				LD_RUNPATH_SEARCH_PATHS = "$(inherited) @executable_path/Frameworks";
				PRODUCT_BUNDLE_IDENTIFIER = "com.codefororlando.PetAdoption-iOS";
				PRODUCT_NAME = "$(TARGET_NAME)";
				SWIFT_VERSION = 3.0;
			};
			name = Release;
		};
		D0950AF01C618C2F002E198C /* Debug */ = {
			isa = XCBuildConfiguration;
			buildSettings = {
				BUNDLE_LOADER = "$(TEST_HOST)";
				DEVELOPMENT_TEAM = 4X359D924E;
				INFOPLIST_FILE = "PetAdoption-iOSTests/Info.plist";
				LD_RUNPATH_SEARCH_PATHS = "$(inherited) @executable_path/Frameworks @loader_path/Frameworks";
				PRODUCT_BUNDLE_IDENTIFIER = "com.codefororlando.PetAdoption-iOSTests";
				PRODUCT_NAME = "$(TARGET_NAME)";
				SWIFT_VERSION = 3.0;
				TEST_HOST = "$(BUILT_PRODUCTS_DIR)/PetAdoption-iOS.app/PetAdoption-iOS";
			};
			name = Debug;
		};
		D0950AF11C618C2F002E198C /* Release */ = {
			isa = XCBuildConfiguration;
			buildSettings = {
				BUNDLE_LOADER = "$(TEST_HOST)";
				DEVELOPMENT_TEAM = 4X359D924E;
				INFOPLIST_FILE = "PetAdoption-iOSTests/Info.plist";
				LD_RUNPATH_SEARCH_PATHS = "$(inherited) @executable_path/Frameworks @loader_path/Frameworks";
				PRODUCT_BUNDLE_IDENTIFIER = "com.codefororlando.PetAdoption-iOSTests";
				PRODUCT_NAME = "$(TARGET_NAME)";
				SWIFT_VERSION = 3.0;
				TEST_HOST = "$(BUILT_PRODUCTS_DIR)/PetAdoption-iOS.app/PetAdoption-iOS";
			};
			name = Release;
		};
		D0950AF31C618C2F002E198C /* Debug */ = {
			isa = XCBuildConfiguration;
			buildSettings = {
				DEVELOPMENT_TEAM = 4X359D924E;
				INFOPLIST_FILE = "PetAdoption-iOSUITests/Info.plist";
				LD_RUNPATH_SEARCH_PATHS = "$(inherited) @executable_path/Frameworks @loader_path/Frameworks";
				PRODUCT_BUNDLE_IDENTIFIER = "com.codefororlando.PetAdoption-iOSUITests";
				PRODUCT_NAME = "$(TARGET_NAME)";
				SWIFT_VERSION = 3.0;
				TEST_TARGET_NAME = "PetAdoption-iOS";
				USES_XCTRUNNER = YES;
			};
			name = Debug;
		};
		D0950AF41C618C2F002E198C /* Release */ = {
			isa = XCBuildConfiguration;
			buildSettings = {
				DEVELOPMENT_TEAM = 4X359D924E;
				INFOPLIST_FILE = "PetAdoption-iOSUITests/Info.plist";
				LD_RUNPATH_SEARCH_PATHS = "$(inherited) @executable_path/Frameworks @loader_path/Frameworks";
				PRODUCT_BUNDLE_IDENTIFIER = "com.codefororlando.PetAdoption-iOSUITests";
				PRODUCT_NAME = "$(TARGET_NAME)";
				SWIFT_VERSION = 3.0;
				TEST_TARGET_NAME = "PetAdoption-iOS";
				USES_XCTRUNNER = YES;
			};
			name = Release;
		};
		D4F2A7461D6A081F00E92647 /* Debug */ = {
			isa = XCBuildConfiguration;
			baseConfigurationReference = EA4067FF1E5BA21D3E13FEDB /* Pods-PetAdoptionTransportKit.debug.xcconfig */;
			buildSettings = {
				ALWAYS_EMBED_SWIFT_STANDARD_LIBRARIES = "$(inherited)";
				CLANG_ANALYZER_NONNULL = YES;
				CLANG_ENABLE_MODULES = YES;
				"CODE_SIGN_IDENTITY[sdk=iphoneos*]" = "";
				CURRENT_PROJECT_VERSION = 1;
				DEFINES_MODULE = YES;
				DYLIB_COMPATIBILITY_VERSION = 1;
				DYLIB_CURRENT_VERSION = 1;
				DYLIB_INSTALL_NAME_BASE = "@rpath";
				FRAMEWORK_SEARCH_PATHS = "$(inherited)";
				INFOPLIST_FILE = PetAdoptionTransportKit/Info.plist;
				INSTALL_PATH = "$(LOCAL_LIBRARY_DIR)/Frameworks";
				IPHONEOS_DEPLOYMENT_TARGET = 9.2;
				LD_RUNPATH_SEARCH_PATHS = "$(inherited) @executable_path/Frameworks @loader_path/Frameworks";
				PRODUCT_BUNDLE_IDENTIFIER = com.CodeForOrlando.PetAdoptionTransportKit;
				PRODUCT_NAME = "$(TARGET_NAME)";
				SKIP_INSTALL = YES;
				SWIFT_OPTIMIZATION_LEVEL = "-Onone";
				SWIFT_VERSION = 3.0;
				VERSIONING_SYSTEM = "apple-generic";
				VERSION_INFO_PREFIX = "";
			};
			name = Debug;
		};
		D4F2A7471D6A081F00E92647 /* Release */ = {
			isa = XCBuildConfiguration;
			baseConfigurationReference = DC6B201E4CFE070A5EA1A84B /* Pods-PetAdoptionTransportKit.release.xcconfig */;
			buildSettings = {
				ALWAYS_EMBED_SWIFT_STANDARD_LIBRARIES = "$(inherited)";
				CLANG_ANALYZER_NONNULL = YES;
				CLANG_ENABLE_MODULES = YES;
				"CODE_SIGN_IDENTITY[sdk=iphoneos*]" = "";
				CURRENT_PROJECT_VERSION = 1;
				DEFINES_MODULE = YES;
				DYLIB_COMPATIBILITY_VERSION = 1;
				DYLIB_CURRENT_VERSION = 1;
				DYLIB_INSTALL_NAME_BASE = "@rpath";
				FRAMEWORK_SEARCH_PATHS = "$(inherited)";
				INFOPLIST_FILE = PetAdoptionTransportKit/Info.plist;
				INSTALL_PATH = "$(LOCAL_LIBRARY_DIR)/Frameworks";
				IPHONEOS_DEPLOYMENT_TARGET = 9.2;
				LD_RUNPATH_SEARCH_PATHS = "$(inherited) @executable_path/Frameworks @loader_path/Frameworks";
				PRODUCT_BUNDLE_IDENTIFIER = com.CodeForOrlando.PetAdoptionTransportKit;
				PRODUCT_NAME = "$(TARGET_NAME)";
				SKIP_INSTALL = YES;
				SWIFT_VERSION = 3.0;
				VERSIONING_SYSTEM = "apple-generic";
				VERSION_INFO_PREFIX = "";
			};
			name = Release;
		};
		D4F2A7481D6A081F00E92647 /* Debug */ = {
			isa = XCBuildConfiguration;
			buildSettings = {
				CLANG_ANALYZER_NONNULL = YES;
				DEVELOPMENT_TEAM = 4X359D924E;
				INFOPLIST_FILE = PetAdoptionTransportKitTests/Info.plist;
				IPHONEOS_DEPLOYMENT_TARGET = 9.3;
				LD_RUNPATH_SEARCH_PATHS = "$(inherited) @executable_path/Frameworks @loader_path/Frameworks";
				PRODUCT_BUNDLE_IDENTIFIER = com.CodeForOrlando.PetAdoptionTransportKitTests;
				PRODUCT_NAME = "$(TARGET_NAME)";
				SWIFT_VERSION = 3.0;
				TEST_HOST = "$(BUILT_PRODUCTS_DIR)/PetAdoption-iOS.app/PetAdoption-iOS";
			};
			name = Debug;
		};
		D4F2A7491D6A081F00E92647 /* Release */ = {
			isa = XCBuildConfiguration;
			buildSettings = {
				CLANG_ANALYZER_NONNULL = YES;
				DEVELOPMENT_TEAM = 4X359D924E;
				INFOPLIST_FILE = PetAdoptionTransportKitTests/Info.plist;
				IPHONEOS_DEPLOYMENT_TARGET = 9.3;
				LD_RUNPATH_SEARCH_PATHS = "$(inherited) @executable_path/Frameworks @loader_path/Frameworks";
				PRODUCT_BUNDLE_IDENTIFIER = com.CodeForOrlando.PetAdoptionTransportKitTests;
				PRODUCT_NAME = "$(TARGET_NAME)";
				SWIFT_VERSION = 3.0;
				TEST_HOST = "$(BUILT_PRODUCTS_DIR)/PetAdoption-iOS.app/PetAdoption-iOS";
			};
			name = Release;
		};
/* End XCBuildConfiguration section */

/* Begin XCConfigurationList section */
		D0950ABF1C618C2F002E198C /* Build configuration list for PBXProject "PetAdoption-iOS" */ = {
			isa = XCConfigurationList;
			buildConfigurations = (
				D0950AEA1C618C2F002E198C /* Debug */,
				D0950AEB1C618C2F002E198C /* Release */,
			);
			defaultConfigurationIsVisible = 0;
			defaultConfigurationName = Release;
		};
		D0950AEC1C618C2F002E198C /* Build configuration list for PBXNativeTarget "PetAdoption-iOS" */ = {
			isa = XCConfigurationList;
			buildConfigurations = (
				D0950AED1C618C2F002E198C /* Debug */,
				D0950AEE1C618C2F002E198C /* Release */,
			);
			defaultConfigurationIsVisible = 0;
			defaultConfigurationName = Release;
		};
		D0950AEF1C618C2F002E198C /* Build configuration list for PBXNativeTarget "PetAdoption-iOSTests" */ = {
			isa = XCConfigurationList;
			buildConfigurations = (
				D0950AF01C618C2F002E198C /* Debug */,
				D0950AF11C618C2F002E198C /* Release */,
			);
			defaultConfigurationIsVisible = 0;
			defaultConfigurationName = Release;
		};
		D0950AF21C618C2F002E198C /* Build configuration list for PBXNativeTarget "PetAdoption-iOSUITests" */ = {
			isa = XCConfigurationList;
			buildConfigurations = (
				D0950AF31C618C2F002E198C /* Debug */,
				D0950AF41C618C2F002E198C /* Release */,
			);
			defaultConfigurationIsVisible = 0;
			defaultConfigurationName = Release;
		};
		D4F2A74A1D6A081F00E92647 /* Build configuration list for PBXNativeTarget "PetAdoptionTransportKit" */ = {
			isa = XCConfigurationList;
			buildConfigurations = (
				D4F2A7461D6A081F00E92647 /* Debug */,
				D4F2A7471D6A081F00E92647 /* Release */,
			);
			defaultConfigurationIsVisible = 0;
			defaultConfigurationName = Release;
		};
		D4F2A74C1D6A081F00E92647 /* Build configuration list for PBXNativeTarget "PetAdoptionTransportKitTests" */ = {
			isa = XCConfigurationList;
			buildConfigurations = (
				D4F2A7481D6A081F00E92647 /* Debug */,
				D4F2A7491D6A081F00E92647 /* Release */,
			);
			defaultConfigurationIsVisible = 0;
			defaultConfigurationName = Release;
		};
/* End XCConfigurationList section */
	};
	rootObject = D0950ABC1C618C2F002E198C /* Project object */;
}
